
Microsoft Visual Studio Solution File, Format Version 12.00
# Visual Studio Version 17
VisualStudioVersion = 17.7.34221.43
MinimumVisualStudioVersion = 10.0.40219.1
Project("{FAE04EC0-301F-11D3-BF4B-00C04F79EFBC}") = "practice07", "practice07\practice07.csproj", "{B6DD3784-DEEB-48CE-A92B-A72ED832817A}"
EndProject
Global
	GlobalSection(SolutionConfigurationPlatforms) = preSolution
		Debug|Any CPU = Debug|Any CPU
		Release|Any CPU = Release|Any CPU
	EndGlobalSection
	GlobalSection(ProjectConfigurationPlatforms) = postSolution
		{B6DD3784-DEEB-48CE-A92B-A72ED832817A}.Debug|Any CPU.ActiveCfg = Debug|Any CPU
		{B6DD3784-DEEB-48CE-A92B-A72ED832817A}.Debug|Any CPU.Build.0 = Debug|Any CPU
		{B6DD3784-DEEB-48CE-A92B-A72ED832817A}.Release|Any CPU.ActiveCfg = Release|Any CPU
		{B6DD3784-DEEB-48CE-A92B-A72ED832817A}.Release|Any CPU.Build.0 = Release|Any CPU
	EndGlobalSection
	GlobalSection(SolutionProperties) = preSolution
		HideSolutionNode = FALSE
	EndGlobalSection
	GlobalSection(ExtensibilityGlobals) = postSolution
		SolutionGuid = {66324A2D-F1D9-40B3-9CD0-C0E127D1F156}
	EndGlobalSection
EndGlobal
